
Microsoft Visual Studio Solution File, Format Version 12.00
Project("{FAE04EC0-301F-11D3-BF4B-00C04F79EFBC}") = "Day-1", "Day-1\Day-1.csproj", "{D8271A5E-0A76-4E3B-A70A-1F7CADFCF6A2}"
EndProject
Project("{FAE04EC0-301F-11D3-BF4B-00C04F79EFBC}") = "SharedUtils", "SharedUtils\SharedUtils.csproj", "{08DFC0B9-6E91-4EDA-98EA-D81EBE4D3EFB}"
EndProject
Project("{FAE04EC0-301F-11D3-BF4B-00C04F79EFBC}") = "Day-2", "Day-2\Day-2.csproj", "{8B727D51-7CF2-4E4B-A5FB-7FD0D72984A5}"
EndProject
Project("{FAE04EC0-301F-11D3-BF4B-00C04F79EFBC}") = "Day-3", "Day-3\Day-3.csproj", "{1979786F-C8C8-40E1-9227-66B0A27A33A8}"
EndProject
Project("{FAE04EC0-301F-11D3-BF4B-00C04F79EFBC}") = "Day-4", "Day-4\Day-4.csproj", "{5AB3D6DB-BE97-481A-AA03-736E87C65A53}"
EndProject
Project("{FAE04EC0-301F-11D3-BF4B-00C04F79EFBC}") = "Day-Template", "Day-Template\Day-Template.csproj", "{7AE4691F-7C89-4CB9-A9BD-D1EA3EB44775}"
EndProject
Project("{FAE04EC0-301F-11D3-BF4B-00C04F79EFBC}") = "Day-5", "Day-5\Day-5.csproj", "{84FDE7BF-1A35-4B06-8CFA-4C0A8FBC29F1}"
EndProject
Project("{FAE04EC0-301F-11D3-BF4B-00C04F79EFBC}") = "Day-6", "Day-6\Day-6.csproj", "{1A200A6A-4756-4F9C-A988-1586749F2880}"
EndProject
Project("{FAE04EC0-301F-11D3-BF4B-00C04F79EFBC}") = "Day-7", "Day-7\Day-7.csproj", "{4520C76B-C962-4D2A-954B-DEFB4DCC3ED3}"
EndProject
Project("{FAE04EC0-301F-11D3-BF4B-00C04F79EFBC}") = "Day-9", "Day-9\Day-9.csproj", "{3551BC57-2771-41A8-8590-49A1E28102B5}"
EndProject
Project("{FAE04EC0-301F-11D3-BF4B-00C04F79EFBC}") = "Day-8", "Day-8\Day-8.csproj", "{0AEF944E-5D1D-4B92-A3C3-0B9C1D02A697}"
EndProject
Project("{FAE04EC0-301F-11D3-BF4B-00C04F79EFBC}") = "Day-10", "Day-10\Day-10.csproj", "{0E5DCC05-B177-4CB2-84E5-6818758FE1D2}"
EndProject
Project("{FAE04EC0-301F-11D3-BF4B-00C04F79EFBC}") = "Day-11", "Day-11\Day-11.csproj", "{C564A6CC-5F7B-44A5-ABC4-451565029F60}"
EndProject
Project("{FAE04EC0-301F-11D3-BF4B-00C04F79EFBC}") = "Day-12", "Day-12\Day-12.csproj", "{779DC3ED-0C3C-4FCE-A4C7-ABEC36E33833}"
EndProject
Global
	GlobalSection(SolutionConfigurationPlatforms) = preSolution
		Debug|Any CPU = Debug|Any CPU
		Release|Any CPU = Release|Any CPU
	EndGlobalSection
	GlobalSection(ProjectConfigurationPlatforms) = postSolution
		{D8271A5E-0A76-4E3B-A70A-1F7CADFCF6A2}.Debug|Any CPU.ActiveCfg = Debug|Any CPU
		{D8271A5E-0A76-4E3B-A70A-1F7CADFCF6A2}.Debug|Any CPU.Build.0 = Debug|Any CPU
		{D8271A5E-0A76-4E3B-A70A-1F7CADFCF6A2}.Release|Any CPU.ActiveCfg = Release|Any CPU
		{D8271A5E-0A76-4E3B-A70A-1F7CADFCF6A2}.Release|Any CPU.Build.0 = Release|Any CPU
		{08DFC0B9-6E91-4EDA-98EA-D81EBE4D3EFB}.Debug|Any CPU.ActiveCfg = Debug|Any CPU
		{08DFC0B9-6E91-4EDA-98EA-D81EBE4D3EFB}.Debug|Any CPU.Build.0 = Debug|Any CPU
		{08DFC0B9-6E91-4EDA-98EA-D81EBE4D3EFB}.Release|Any CPU.ActiveCfg = Release|Any CPU
		{08DFC0B9-6E91-4EDA-98EA-D81EBE4D3EFB}.Release|Any CPU.Build.0 = Release|Any CPU
		{8B727D51-7CF2-4E4B-A5FB-7FD0D72984A5}.Debug|Any CPU.ActiveCfg = Debug|Any CPU
		{8B727D51-7CF2-4E4B-A5FB-7FD0D72984A5}.Debug|Any CPU.Build.0 = Debug|Any CPU
		{8B727D51-7CF2-4E4B-A5FB-7FD0D72984A5}.Release|Any CPU.ActiveCfg = Release|Any CPU
		{8B727D51-7CF2-4E4B-A5FB-7FD0D72984A5}.Release|Any CPU.Build.0 = Release|Any CPU
		{1979786F-C8C8-40E1-9227-66B0A27A33A8}.Debug|Any CPU.ActiveCfg = Debug|Any CPU
		{1979786F-C8C8-40E1-9227-66B0A27A33A8}.Debug|Any CPU.Build.0 = Debug|Any CPU
		{1979786F-C8C8-40E1-9227-66B0A27A33A8}.Release|Any CPU.ActiveCfg = Release|Any CPU
		{1979786F-C8C8-40E1-9227-66B0A27A33A8}.Release|Any CPU.Build.0 = Release|Any CPU
		{5AB3D6DB-BE97-481A-AA03-736E87C65A53}.Debug|Any CPU.ActiveCfg = Debug|Any CPU
		{5AB3D6DB-BE97-481A-AA03-736E87C65A53}.Debug|Any CPU.Build.0 = Debug|Any CPU
		{5AB3D6DB-BE97-481A-AA03-736E87C65A53}.Release|Any CPU.ActiveCfg = Release|Any CPU
		{5AB3D6DB-BE97-481A-AA03-736E87C65A53}.Release|Any CPU.Build.0 = Release|Any CPU
		{7AE4691F-7C89-4CB9-A9BD-D1EA3EB44775}.Debug|Any CPU.ActiveCfg = Debug|Any CPU
		{7AE4691F-7C89-4CB9-A9BD-D1EA3EB44775}.Debug|Any CPU.Build.0 = Debug|Any CPU
		{7AE4691F-7C89-4CB9-A9BD-D1EA3EB44775}.Release|Any CPU.ActiveCfg = Release|Any CPU
		{7AE4691F-7C89-4CB9-A9BD-D1EA3EB44775}.Release|Any CPU.Build.0 = Release|Any CPU
		{84FDE7BF-1A35-4B06-8CFA-4C0A8FBC29F1}.Debug|Any CPU.ActiveCfg = Debug|Any CPU
		{84FDE7BF-1A35-4B06-8CFA-4C0A8FBC29F1}.Debug|Any CPU.Build.0 = Debug|Any CPU
		{84FDE7BF-1A35-4B06-8CFA-4C0A8FBC29F1}.Release|Any CPU.ActiveCfg = Release|Any CPU
		{84FDE7BF-1A35-4B06-8CFA-4C0A8FBC29F1}.Release|Any CPU.Build.0 = Release|Any CPU
		{1A200A6A-4756-4F9C-A988-1586749F2880}.Debug|Any CPU.ActiveCfg = Debug|Any CPU
		{1A200A6A-4756-4F9C-A988-1586749F2880}.Debug|Any CPU.Build.0 = Debug|Any CPU
		{1A200A6A-4756-4F9C-A988-1586749F2880}.Release|Any CPU.ActiveCfg = Release|Any CPU
		{1A200A6A-4756-4F9C-A988-1586749F2880}.Release|Any CPU.Build.0 = Release|Any CPU
		{4520C76B-C962-4D2A-954B-DEFB4DCC3ED3}.Debug|Any CPU.ActiveCfg = Debug|Any CPU
		{4520C76B-C962-4D2A-954B-DEFB4DCC3ED3}.Debug|Any CPU.Build.0 = Debug|Any CPU
		{4520C76B-C962-4D2A-954B-DEFB4DCC3ED3}.Release|Any CPU.ActiveCfg = Release|Any CPU
		{4520C76B-C962-4D2A-954B-DEFB4DCC3ED3}.Release|Any CPU.Build.0 = Release|Any CPU
		{3551BC57-2771-41A8-8590-49A1E28102B5}.Debug|Any CPU.ActiveCfg = Debug|Any CPU
		{3551BC57-2771-41A8-8590-49A1E28102B5}.Debug|Any CPU.Build.0 = Debug|Any CPU
		{3551BC57-2771-41A8-8590-49A1E28102B5}.Release|Any CPU.ActiveCfg = Release|Any CPU
		{3551BC57-2771-41A8-8590-49A1E28102B5}.Release|Any CPU.Build.0 = Release|Any CPU
		{0AEF944E-5D1D-4B92-A3C3-0B9C1D02A697}.Debug|Any CPU.ActiveCfg = Debug|Any CPU
		{0AEF944E-5D1D-4B92-A3C3-0B9C1D02A697}.Debug|Any CPU.Build.0 = Debug|Any CPU
		{0AEF944E-5D1D-4B92-A3C3-0B9C1D02A697}.Release|Any CPU.ActiveCfg = Release|Any CPU
		{0AEF944E-5D1D-4B92-A3C3-0B9C1D02A697}.Release|Any CPU.Build.0 = Release|Any CPU
		{0E5DCC05-B177-4CB2-84E5-6818758FE1D2}.Debug|Any CPU.ActiveCfg = Debug|Any CPU
		{0E5DCC05-B177-4CB2-84E5-6818758FE1D2}.Debug|Any CPU.Build.0 = Debug|Any CPU
		{0E5DCC05-B177-4CB2-84E5-6818758FE1D2}.Release|Any CPU.ActiveCfg = Release|Any CPU
		{0E5DCC05-B177-4CB2-84E5-6818758FE1D2}.Release|Any CPU.Build.0 = Release|Any CPU
		{C564A6CC-5F7B-44A5-ABC4-451565029F60}.Debug|Any CPU.ActiveCfg = Debug|Any CPU
		{C564A6CC-5F7B-44A5-ABC4-451565029F60}.Debug|Any CPU.Build.0 = Debug|Any CPU
		{C564A6CC-5F7B-44A5-ABC4-451565029F60}.Release|Any CPU.ActiveCfg = Release|Any CPU
		{C564A6CC-5F7B-44A5-ABC4-451565029F60}.Release|Any CPU.Build.0 = Release|Any CPU
		{779DC3ED-0C3C-4FCE-A4C7-ABEC36E33833}.Debug|Any CPU.ActiveCfg = Debug|Any CPU
		{779DC3ED-0C3C-4FCE-A4C7-ABEC36E33833}.Debug|Any CPU.Build.0 = Debug|Any CPU
		{779DC3ED-0C3C-4FCE-A4C7-ABEC36E33833}.Release|Any CPU.ActiveCfg = Release|Any CPU
		{779DC3ED-0C3C-4FCE-A4C7-ABEC36E33833}.Release|Any CPU.Build.0 = Release|Any CPU
	EndGlobalSection
EndGlobal
